<?xml version="1.0" encoding="UTF-8" standalone="yes" ?>
<CodeBlocks_project_file>
	<FileVersion major="1" minor="6" />
	<Project>
		<Option title="modelCMT" />
		<Option pch_mode="2" />
		<Option compiler="gcc" />
		<Build>
			<Target title="Debug">
				<Option output="bin/Debug/modelCMT" prefix_auto="1" extension_auto="1" />
				<Option object_output="obj/Debug/" />
				<Option type="1" />
				<Option compiler="gcc" />
				<Option parameters="./paramFiles/parameters_ARRAY.txt" />
				<Compiler>
					<Add option="-g" />
				</Compiler>
			</Target>
			<Target title="Release">
				<Option output="bin/Release/modelCMT" prefix_auto="1" extension_auto="1" />
				<Option object_output="obj/Release/" />
				<Option type="1" />
				<Option compiler="gcc" />
				<Compiler>
					<Add option="-O2" />
				</Compiler>
				<Linker>
					<Add option="-s" />
				</Linker>
			</Target>
		</Build>
		<Compiler>
			<Add option="-Wall" />
			<Add option="-fexceptions" />
			<Add directory="headFiles" />
			<Add directory="cppFiles" />
		</Compiler>
		<Unit filename="cppFiles/IO-analysis.cpp" />
		<Unit filename="cppFiles/eig3.cpp" />
		<Unit filename="cppFiles/geometry-generic.cpp" />
		<Unit filename="cppFiles/geometry-special.cpp" />
		<Unit filename="cppFiles/main.cpp" />
		<Unit filename="cppFiles/meshImport.cpp" />
		<Unit filename="cppFiles/microtubule.cpp" />
		<Unit filename="cppFiles/parameters.cpp" />
		<Unit filename="cppFiles/queue.cpp" />
		<Unit filename="cppFiles/system.cpp" />
		<Unit filename="headFiles/CompactList.h" />
		<Unit filename="headFiles/DLList.h" />
		<Unit filename="headFiles/MersenneTwister.h" />
		<Unit filename="headFiles/corticalSimReal.h" />
		<Unit filename="headFiles/eig3.h" />
		<Unit filename="headFiles/meshImport.h" />
		<Unit filename="paramFiles/parameters_ARRAY.txt" />
		<Unit filename="paramFiles/parameters_FLY.txt" />
		<Extensions />
	</Project>
</CodeBlocks_project_file>
